GEM
  remote: https://rubygems.org/
  specs:
    minitest (5.18.0)
    rake (13.0.6)
    rspec (3.12.0)
      rspec-core (~> 3.12.0)
      rspec-expectations (~> 3.12.0)
      rspec-mocks (~> 3.12.0)
    rspec-core (3.12.2)
      rspec-support (~> 3.12.0)

PLATFORMS
  ruby

DEPENDENCIES
  minitest (~> 5.18)
  rake (~> 13.0)
  rspec (~> 3.12)

RUBY VERSION
   ruby 3.2.2p53

BUNDLED WITH
   2.4.10
